// !$*UTF8*$!
{
	archiveVersion = 1;
	classes = {
	};
	objectVersion = 56;
	objects = {

/* Begin PBXBuildFile section */
		8DF2FC112A376F3B00ADE2BC /* HomeViewApp.swift in Sources */ = {isa = PBXBuildFile; fileRef = 8DF2FC102A376F3B00ADE2BC /* HomeViewApp.swift */; };
		8DF2FC132A376F3B00ADE2BC /* ContentView.swift in Sources */ = {isa = PBXBuildFile; fileRef = 8DF2FC122A376F3B00ADE2BC /* ContentView.swift */; };
		8DF2FC152A376F3C00ADE2BC /* Assets.xcassets in Resources */ = {isa = PBXBuildFile; fileRef = 8DF2FC142A376F3C00ADE2BC /* Assets.xcassets */; };
		8DF2FC182A376F3C00ADE2BC /* Preview Assets.xcassets in Resources */ = {isa = PBXBuildFile; fileRef = 8DF2FC172A376F3C00ADE2BC /* Preview Assets.xcassets */; };
		8DF2FC1F2A376F7800ADE2BC /* HomePresenter.swift in Sources */ = {isa = PBXBuildFile; fileRef = 8DF2FC1E2A376F7800ADE2BC /* HomePresenter.swift */; };
		8DF2FC212A376F8900ADE2BC /* HomeInteractor.swift in Sources */ = {isa = PBXBuildFile; fileRef = 8DF2FC202A376F8900ADE2BC /* HomeInteractor.swift */; };
		8DF2FC232A376FA400ADE2BC /* HomeAPI.swift in Sources */ = {isa = PBXBuildFile; fileRef = 8DF2FC222A376FA400ADE2BC /* HomeAPI.swift */; };
		8DF2FC252A376FBA00ADE2BC /* HomeModels.swift in Sources */ = {isa = PBXBuildFile; fileRef = 8DF2FC242A376FBA00ADE2BC /* HomeModels.swift */; };
		8DF2FC272A376FEF00ADE2BC /* HomeView.swift in Sources */ = {isa = PBXBuildFile; fileRef = 8DF2FC262A376FEF00ADE2BC /* HomeView.swift */; };
/* End PBXBuildFile section */

/* Begin PBXFileReference section */
		8DF2FC0D2A376F3B00ADE2BC /* HomeView.app */ = {isa = PBXFileReference; explicitFileType = wrapper.application; includeInIndex = 0; path = HomeView.app; sourceTree = BUILT_PRODUCTS_DIR; };
		8DF2FC102A376F3B00ADE2BC /* HomeViewApp.swift */ = {isa = PBXFileReference; lastKnownFileType = sourcecode.swift; path = HomeViewApp.swift; sourceTree = "<group>"; };
		8DF2FC122A376F3B00ADE2BC /* ContentView.swift */ = {isa = PBXFileReference; lastKnownFileType = sourcecode.swift; path = ContentView.swift; sourceTree = "<group>"; };
		8DF2FC142A376F3C00ADE2BC /* Assets.xcassets */ = {isa = PBXFileReference; lastKnownFileType = folder.assetcatalog; path = Assets.xcassets; sourceTree = "<group>"; };
		8DF2FC172A376F3C00ADE2BC /* Preview Assets.xcassets */ = {isa = PBXFileReference; lastKnownFileType = folder.assetcatalog; path = "Preview Assets.xcassets"; sourceTree = "<group>"; };
		8DF2FC1E2A376F7800ADE2BC /* HomePresenter.swift */ = {isa = PBXFileReference; lastKnownFileType = sourcecode.swift; path = HomePresenter.swift; sourceTree = "<group>"; };
		8DF2FC202A376F8900ADE2BC /* HomeInteractor.swift */ = {isa = PBXFileReference; lastKnownFileType = sourcecode.swift; path = HomeInteractor.swift; sourceTree = "<group>"; };
		8DF2FC222A376FA400ADE2BC /* HomeAPI.swift */ = {isa = PBXFileReference; lastKnownFileType = sourcecode.swift; path = HomeAPI.swift; sourceTree = "<group>"; };
		8DF2FC242A376FBA00ADE2BC /* HomeModels.swift */ = {isa = PBXFileReference; lastKnownFileType = sourcecode.swift; path = HomeModels.swift; sourceTree = "<group>"; };
		8DF2FC262A376FEF00ADE2BC /* HomeView.swift */ = {isa = PBXFileReference; lastKnownFileType = sourcecode.swift; path = HomeView.swift; sourceTree = "<group>"; };
/* End PBXFileReference section */

/* Begin PBXFrameworksBuildPhase section */
		8DF2FC0A2A376F3B00ADE2BC /* Frameworks */ = {
			isa = PBXFrameworksBuildPhase;
			buildActionMask = 2147483647;
			files = (
			);
			runOnlyForDeploymentPostprocessing = 0;
		};
/* End PBXFrameworksBuildPhase section */

/* Begin PBXGroup section */
		8DF2FC042A376F3B00ADE2BC = {
			isa = PBXGroup;
			children = (
				8DF2FC0F2A376F3B00ADE2BC /* HomeView */,
				8DF2FC0E2A376F3B00ADE2BC /* Products */,
			);
			sourceTree = "<group>";
		};
		8DF2FC0E2A376F3B00ADE2BC /* Products */ = {
			isa = PBXGroup;
			children = (
				8DF2FC0D2A376F3B00ADE2BC /* HomeView.app */,
			);
			name = Products;
			sourceTree = "<group>";
		};
		8DF2FC0F2A376F3B00ADE2BC /* HomeView */ = {
			isa = PBXGroup;
			children = (
				8DF2FC102A376F3B00ADE2BC /* HomeViewApp.swift */,
				8DF2FC122A376F3B00ADE2BC /* ContentView.swift */,
				8DF2FC262A376FEF00ADE2BC /* HomeView.swift */,
				8DF2FC1E2A376F7800ADE2BC /* HomePresenter.swift */,
				8DF2FC202A376F8900ADE2BC /* HomeInteractor.swift */,
				8DF2FC222A376FA400ADE2BC /* HomeAPI.swift */,
				8DF2FC242A376FBA00ADE2BC /* HomeModels.swift */,
				8DF2FC142A376F3C00ADE2BC /* Assets.xcassets */,
				8DF2FC162A376F3C00ADE2BC /* Preview Content */,
			);
			path = HomeView;
			sourceTree = "<group>";
		};
		8DF2FC162A376F3C00ADE2BC /* Preview Content */ = {
			isa = PBXGroup;
			children = (
				8DF2FC172A376F3C00ADE2BC /* Preview Assets.xcassets */,
			);
			path = "Preview Content";
			sourceTree = "<group>";
		};
/* End PBXGroup section */

/* Begin PBXNativeTarget section */
		8DF2FC0C2A376F3B00ADE2BC /* HomeView */ = {
			isa = PBXNativeTarget;
			buildConfigurationList = 8DF2FC1B2A376F3C00ADE2BC /* Build configuration list for PBXNativeTarget "HomeView" */;
			buildPhases = (
				8DF2FC092A376F3B00ADE2BC /* Sources */,
				8DF2FC0A2A376F3B00ADE2BC /* Frameworks */,
				8DF2FC0B2A376F3B00ADE2BC /* Resources */,
			);
			buildRules = (
			);
			dependencies = (
			);
			name = HomeView;
			productName = HomeView;
			productReference = 8DF2FC0D2A376F3B00ADE2BC /* HomeView.app */;
			productType = "com.apple.product-type.application";
		};
/* End PBXNativeTarget section */

/* Begin PBXProject section */
		8DF2FC052A376F3B00ADE2BC /* Project object */ = {
			isa = PBXProject;
			attributes = {
				BuildIndependentTargetsInParallel = 1;
				LastSwiftUpdateCheck = 1430;
				LastUpgradeCheck = 1430;
				TargetAttributes = {
					8DF2FC0C2A376F3B00ADE2BC = {
						CreatedOnToolsVersion = 14.3;
					};
				};
			};
			buildConfigurationList = 8DF2FC082A376F3B00ADE2BC /* Build configuration list for PBXProject "HomeView" */;
			compatibilityVersion = "Xcode 14.0";
			developmentRegion = en;
			hasScannedForEncodings = 0;
			knownRegions = (
				en,
				Base,
			);
			mainGroup = 8DF2FC042A376F3B00ADE2BC;
			productRefGroup = 8DF2FC0E2A376F3B00ADE2BC /* Products */;
			projectDirPath = "";
			projectRoot = "";
			targets = (
				8DF2FC0C2A376F3B00ADE2BC /* HomeView */,
			);
		};
/* End PBXProject section */

/* Begin PBXResourcesBuildPhase section */
		8DF2FC0B2A376F3B00ADE2BC /* Resources */ = {
			isa = PBXResourcesBuildPhase;
			buildActionMask = 2147483647;
			files = (
				8DF2FC182A376F3C00ADE2BC /* Preview Assets.xcassets in Resources */,
				8DF2FC152A376F3C00ADE2BC /* Assets.xcassets in Resources */,
			);
			runOnlyForDeploymentPostprocessing = 0;
		};
/* End PBXResourcesBuildPhase section */

/* Begin PBXSourcesBuildPhase section */
		8DF2FC092A376F3B00ADE2BC /* Sources */ = {
			isa = PBXSourcesBuildPhase;
			buildActionMask = 2147483647;
			files = (
				8DF2FC1F2A376F7800ADE2BC /* HomePresenter.swift in Sources */,
				8DF2FC272A376FEF00ADE2BC /* HomeView.swift in Sources */,
				8DF2FC132A376F3B00ADE2BC /* ContentView.swift in Sources */,
				8DF2FC232A376FA400ADE2BC /* HomeAPI.swift in Sources */,
				8DF2FC112A376F3B00ADE2BC /* HomeViewApp.swift in Sources */,
				8DF2FC252A376FBA00ADE2BC /* HomeModels.swift in Sources */,
				8DF2FC212A376F8900ADE2BC /* HomeInteractor.swift in Sources */,
			);
			runOnlyForDeploymentPostprocessing = 0;
		};
/* End PBXSourcesBuildPhase section */

/* Begin XCBuildConfiguration section */
		8DF2FC192A376F3C00ADE2BC /* Debug */ = {
			isa = XCBuildConfiguration;
			buildSettings = {
				ALWAYS_SEARCH_USER_PATHS = NO;
				CLANG_ANALYZER_NONNULL = YES;
				CLANG_ANALYZER_NUMBER_OBJECT_CONVERSION = YES_AGGRESSIVE;
				CLANG_CXX_LANGUAGE_STANDARD = "gnu++20";
				CLANG_ENABLE_MODULES = YES;
				CLANG_ENABLE_OBJC_ARC = YES;
				CLANG_ENABLE_OBJC_WEAK = YES;
				CLANG_WARN_BLOCK_CAPTURE_AUTORELEASING = YES;
				CLANG_WARN_BOOL_CONVERSION = YES;
				CLANG_WARN_COMMA = YES;
				CLANG_WARN_CONSTANT_CONVERSION = YES;
				CLANG_WARN_DEPRECATED_OBJC_IMPLEMENTATIONS = YES;
				CLANG_WARN_DIRECT_OBJC_ISA_USAGE = YES_ERROR;
				CLANG_WARN_DOCUMENTATION_COMMENTS = YES;
				CLANG_WARN_EMPTY_BODY = YES;
				CLANG_WARN_ENUM_CONVERSION = YES;
				CLANG_WARN_INFINITE_RECURSION = YES;
				CLANG_WARN_INT_CONVERSION = YES;
				CLANG_WARN_NON_LITERAL_NULL_CONVERSION = YES;
				CLANG_WARN_OBJC_IMPLICIT_RETAIN_SELF = YES;
				CLANG_WARN_OBJC_LITERAL_CONVERSION = YES;
				CLANG_WARN_OBJC_ROOT_CLASS = YES_ERROR;
				CLANG_WARN_QUOTED_INCLUDE_IN_FRAMEWORK_HEADER = YES;
				CLANG_WARN_RANGE_LOOP_ANALYSIS = YES;
				CLANG_WARN_STRICT_PROTOTYPES = YES;
				CLANG_WARN_SUSPICIOUS_MOVE = YES;
				CLANG_WARN_UNGUARDED_AVAILABILITY = YES_AGGRESSIVE;
				CLANG_WARN_UNREACHABLE_CODE = YES;
				CLANG_WARN__DUPLICATE_METHOD_MATCH = YES;
				COPY_PHASE_STRIP = NO;
				DEBUG_INFORMATION_FORMAT = dwarf;
				ENABLE_STRICT_OBJC_MSGSEND = YES;
				ENABLE_TESTABILITY = YES;
				GCC_C_LANGUAGE_STANDARD = gnu11;
				GCC_DYNAMIC_NO_PIC = NO;
				GCC_NO_COMMON_BLOCKS = YES;
				GCC_OPTIMIZATION_LEVEL = 0;
				GCC_PREPROCESSOR_DEFINITIONS = (
					"DEBUG=1",
					"$(inherited)",
				);
				GCC_WARN_64_TO_32_BIT_CONVERSION = YES;
				GCC_WARN_ABOUT_RETURN_TYPE = YES_ERROR;
				GCC_WARN_UNDECLARED_SELECTOR = YES;
				GCC_WARN_UNINITIALIZED_AUTOS = YES_AGGRESSIVE;
				GCC_WARN_UNUSED_FUNCTION = YES;
				GCC_WARN_UNUSED_VARIABLE = YES;
				IPHONEOS_DEPLOYMENT_TARGET = 16.4;
				MTL_ENABLE_DEBUG_INFO = INCLUDE_SOURCE;
				MTL_FAST_MATH = YES;
				ONLY_ACTIVE_ARCH = YES;
				SDKROOT = iphoneos;
				SWIFT_ACTIVE_COMPILATION_CONDITIONS = DEBUG;
				SWIFT_OPTIMIZATION_LEVEL = "-Onone";
			};
			name = Debug;
		};
		8DF2FC1A2A376F3C00ADE2BC /* Release */ = {
			isa = XCBuildConfiguration;
			buildSettings = {
				ALWAYS_SEARCH_USER_PATHS = NO;
				CLANG_ANALYZER_NONNULL = YES;
				CLANG_ANALYZER_NUMBER_OBJECT_CONVERSION = YES_AGGRESSIVE;
				CLANG_CXX_LANGUAGE_STANDARD = "gnu++20";
				CLANG_ENABLE_MODULES = YES;
				CLANG_ENABLE_OBJC_ARC = YES;
				CLANG_ENABLE_OBJC_WEAK = YES;
				CLANG_WARN_BLOCK_CAPTURE_AUTORELEASING = YES;
				CLANG_WARN_BOOL_CONVERSION = YES;
				CLANG_WARN_COMMA = YES;
				CLANG_WARN_CONSTANT_CONVERSION = YES;
				CLANG_WARN_DEPRECATED_OBJC_IMPLEMENTATIONS = YES;
				CLANG_WARN_DIRECT_OBJC_ISA_USAGE = YES_ERROR;
				CLANG_WARN_DOCUMENTATION_COMMENTS = YES;
				CLANG_WARN_EMPTY_BODY = YES;
				CLANG_WARN_ENUM_CONVERSION = YES;
				CLANG_WARN_INFINITE_RECURSION = YES;
				CLANG_WARN_INT_CONVERSION = YES;
				CLANG_WARN_NON_LITERAL_NULL_CONVERSION = YES;
				CLANG_WARN_OBJC_IMPLICIT_RETAIN_SELF = YES;
				CLANG_WARN_OBJC_LITERAL_CONVERSION = YES;
				CLANG_WARN_OBJC_ROOT_CLASS = YES_ERROR;
				CLANG_WARN_QUOTED_INCLUDE_IN_FRAMEWORK_HEADER = YES;
				CLANG_WARN_RANGE_LOOP_ANALYSIS = YES;
				CLANG_WARN_STRICT_PROTOTYPES = YES;
				CLANG_WARN_SUSPICIOUS_MOVE = YES;
				CLANG_WARN_UNGUARDED_AVAILABILITY = YES_AGGRESSIVE;
				CLANG_WARN_UNREACHABLE_CODE = YES;
				CLANG_WARN__DUPLICATE_METHOD_MATCH = YES;
				COPY_PHASE_STRIP = NO;
				DEBUG_INFORMATION_FORMAT = "dwarf-with-dsym";
				ENABLE_NS_ASSERTIONS = NO;
				ENABLE_STRICT_OBJC_MSGSEND = YES;
				GCC_C_LANGUAGE_STANDARD = gnu11;
				GCC_NO_COMMON_BLOCKS = YES;
				GCC_WARN_64_TO_32_BIT_CONVERSION = YES;
				GCC_WARN_ABOUT_RETURN_TYPE = YES_ERROR;
				GCC_WARN_UNDECLARED_SELECTOR = YES;
				GCC_WARN_UNINITIALIZED_AUTOS = YES_AGGRESSIVE;
				GCC_WARN_UNUSED_FUNCTION = YES;
				GCC_WARN_UNUSED_VARIABLE = YES;
				IPHONEOS_DEPLOYMENT_TARGET = 16.4;
				MTL_ENABLE_DEBUG_INFO = NO;
				MTL_FAST_MATH = YES;
				SDKROOT = iphoneos;
				SWIFT_COMPILATION_MODE = wholemodule;
				SWIFT_OPTIMIZATION_LEVEL = "-O";
				VALIDATE_PRODUCT = YES;
			};
			name = Release;
		};
		8DF2FC1C2A376F3C00ADE2BC /* Debug */ = {
			isa = XCBuildConfiguration;
			buildSettings = {
				ASSETCATALOG_COMPILER_APPICON_NAME = AppIcon;
				ASSETCATALOG_COMPILER_GLOBAL_ACCENT_COLOR_NAME = AccentColor;
				CODE_SIGN_STYLE = Automatic;
				CURRENT_PROJECT_VERSION = 1;
				DEVELOPMENT_ASSET_PATHS = "\"HomeView/Preview Content\"";
				DEVELOPMENT_TEAM = VVBZ3B874L;
				ENABLE_PREVIEWS = YES;
				GENERATE_INFOPLIST_FILE = YES;
				INFOPLIST_KEY_UIApplicationSceneManifest_Generation = YES;
				INFOPLIST_KEY_UIApplicationSupportsIndirectInputEvents = YES;
				INFOPLIST_KEY_UILaunchScreen_Generation = YES;
				INFOPLIST_KEY_UISupportedInterfaceOrientations_iPad = "UIInterfaceOrientationPortrait UIInterfaceOrientationPortraitUpsideDown UIInterfaceOrientationLandscapeLeft UIInterfaceOrientationLandscapeRight";
				INFOPLIST_KEY_UISupportedInterfaceOrientations_iPhone = "UIInterfaceOrientationPortrait UIInterfaceOrientationLandscapeLeft UIInterfaceOrientationLandscapeRight";
				LD_RUNPATH_SEARCH_PATHS = (
					"$(inherited)",
					"@executable_path/Frameworks",
				);
				MARKETING_VERSION = 1.0;
				PRODUCT_BUNDLE_IDENTIFIER = com.ddhr4m.homeview.HomeView;
				PRODUCT_NAME = "$(TARGET_NAME)";
				SWIFT_EMIT_LOC_STRINGS = YES;
				SWIFT_VERSION = 5.0;
				TARGETED_DEVICE_FAMILY = "1,2";
			};
			name = Debug;
		};
		8DF2FC1D2A376F3C00ADE2BC /* Release */ = {
			isa = XCBuildConfiguration;
			buildSettings = {
				ASSETCATALOG_COMPILER_APPICON_NAME = AppIcon;
				ASSETCATALOG_COMPILER_GLOBAL_ACCENT_COLOR_NAME = AccentColor;
				CODE_SIGN_STYLE = Automatic;
				CURRENT_PROJECT_VERSION = 1;
				DEVELOPMENT_ASSET_PATHS = "\"HomeView/Preview Content\"";
				DEVELOPMENT_TEAM = VVBZ3B874L;
				ENABLE_PREVIEWS = YES;
				GENERATE_INFOPLIST_FILE = YES;
				INFOPLIST_KEY_UIApplicationSceneManifest_Generation = YES;
				INFOPLIST_KEY_UIApplicationSupportsIndirectInputEvents = YES;
				INFOPLIST_KEY_UILaunchScreen_Generation = YES;
				INFOPLIST_KEY_UISupportedInterfaceOrientations_iPad = "UIInterfaceOrientationPortrait UIInterfaceOrientationPortraitUpsideDown UIInterfaceOrientationLandscapeLeft UIInterfaceOrientationLandscapeRight";
				INFOPLIST_KEY_UISupportedInterfaceOrientations_iPhone = "UIInterfaceOrientationPortrait UIInterfaceOrientationLandscapeLeft UIInterfaceOrientationLandscapeRight";
				LD_RUNPATH_SEARCH_PATHS = (
					"$(inherited)",
					"@executable_path/Frameworks",
				);
				MARKETING_VERSION = 1.0;
				PRODUCT_BUNDLE_IDENTIFIER = com.ddhr4m.homeview.HomeView;
				PRODUCT_NAME = "$(TARGET_NAME)";
				SWIFT_EMIT_LOC_STRINGS = YES;
				SWIFT_VERSION = 5.0;
				TARGETED_DEVICE_FAMILY = "1,2";
			};
			name = Release;
		};
/* End XCBuildConfiguration section */

/* Begin XCConfigurationList section */
		8DF2FC082A376F3B00ADE2BC /* Build configuration list for PBXProject "HomeView" */ = {
			isa = XCConfigurationList;
			buildConfigurations = (
				8DF2FC192A376F3C00ADE2BC /* Debug */,
				8DF2FC1A2A376F3C00ADE2BC /* Release */,
			);
			defaultConfigurationIsVisible = 0;
			defaultConfigurationName = Release;
		};
		8DF2FC1B2A376F3C00ADE2BC /* Build configuration list for PBXNativeTarget "HomeView" */ = {
			isa = XCConfigurationList;
			buildConfigurations = (
				8DF2FC1C2A376F3C00ADE2BC /* Debug */,
				8DF2FC1D2A376F3C00ADE2BC /* Release */,
			);
			defaultConfigurationIsVisible = 0;
			defaultConfigurationName = Release;
		};
/* End XCConfigurationList section */
	};
	rootObject = 8DF2FC052A376F3B00ADE2BC /* Project object */;
}
